
Microsoft Visual Studio Solution File, Format Version 12.00
# Visual Studio Version 16
VisualStudioVersion = 16.0.32106.194
MinimumVisualStudioVersion = 10.0.40219.1
Project("{8BC9CEB8-8B4A-11D0-8D11-00A0C91BC942}") = "AMSI_Patches", "AMSI_Patches.vcxproj", "{ED7259A9-C7A5-4CAB-AA1C-16B9146225E3}"
EndProject
Global
	GlobalSection(SolutionConfigurationPlatforms) = preSolution
		Debug|x64 = Debug|x64
		Debug|x86 = Debug|x86
		Release|x64 = Release|x64
		Release|x86 = Release|x86
	EndGlobalSection
	GlobalSection(ProjectConfigurationPlatforms) = postSolution
		{ED7259A9-C7A5-4CAB-AA1C-16B9146225E3}.Debug|x64.ActiveCfg = Debug|x64
		{ED7259A9-C7A5-4CAB-AA1C-16B9146225E3}.Debug|x64.Build.0 = Debug|x64
		{ED7259A9-C7A5-4CAB-AA1C-16B9146225E3}.Debug|x86.ActiveCfg = Debug|Win32
		{ED7259A9-C7A5-4CAB-AA1C-16B9146225E3}.Debug|x86.Build.0 = Debug|Win32
		{ED7259A9-C7A5-4CAB-AA1C-16B9146225E3}.Release|x64.ActiveCfg = Release|x64
		{ED7259A9-C7A5-4CAB-AA1C-16B9146225E3}.Release|x64.Build.0 = Release|x64
		{ED7259A9-C7A5-4CAB-AA1C-16B9146225E3}.Release|x86.ActiveCfg = Release|Win32
		{ED7259A9-C7A5-4CAB-AA1C-16B9146225E3}.Release|x86.Build.0 = Release|Win32
	EndGlobalSection
	GlobalSection(SolutionProperties) = preSolution
		HideSolutionNode = FALSE
	EndGlobalSection
	GlobalSection(ExtensibilityGlobals) = postSolution
		SolutionGuid = {0EBBC36F-6974-43CE-86F4-5F127231AAAC}
	EndGlobalSection
EndGlobal
